{
  "version": 4,
  "terraform_version": "1.3.1",
  "serial": 11,
  "lineage": "30ddfc21-4624-6f9d-590b-e5c1c909eade",
  "outputs": {},
  "resources": [
    {
      "mode": "managed",
      "type": "aws_vpc",
      "name": "vpc",
      "provider": "provider[\"registry.terraform.io/hashicorp/aws\"]",
      "instances": [
        {
          "schema_version": 1,
          "attributes": {
            "arn": "arn:aws:ec2:eu-west-2:570844738962:vpc/vpc-0b271a676b6135765",
            "assign_generated_ipv6_cidr_block": false,
            "cidr_block": "10.0.0.0/16",
            "default_network_acl_id": "acl-0b8593aaf3403f600",
            "default_route_table_id": "rtb-00e9020a762450817",
            "default_security_group_id": "sg-0f7091d3f50ab145d",
            "dhcp_options_id": "dopt-0f063b63212857415",
            "enable_classiclink": false,
            "enable_classiclink_dns_support": false,
            "enable_dns_hostnames": false,
            "enable_dns_support": true,
            "id": "vpc-0b271a676b6135765",
            "instance_tenancy": "default",
            "ipv4_ipam_pool_id": null,
            "ipv4_netmask_length": null,
            "ipv6_association_id": "",
            "ipv6_cidr_block": "",
            "ipv6_cidr_block_network_border_group": "",
            "ipv6_ipam_pool_id": "",
            "ipv6_netmask_length": 0,
            "main_route_table_id": "rtb-00e9020a762450817",
            "owner_id": "570844738962",
            "tags": {
              "Name": "Suraj"
            },
            "tags_all": {
              "Name": "Suraj"
            }
          },
          "sensitive_attributes": [],
          "private": "eyJzY2hlbWFfdmVyc2lvbiI6IjEifQ=="
        }
      ]
    }
  ],
  "check_results": []
}
